
Microsoft Visual Studio Solution File, Format Version 12.00
# Visual Studio Version 16
VisualStudioVersion = 16.0.29306.81
MinimumVisualStudioVersion = 10.0.40219.1
Project("{FAE04EC0-301F-11D3-BF4B-00C04F79EFBC}") = "Ponto a Ponto", "Ponto a Ponto\Ponto a Ponto.csproj", "{65E07BC8-D8C8-4B0F-BDED-A31D4D175FA7}"
EndProject
Global
	GlobalSection(SolutionConfigurationPlatforms) = preSolution
		Debug|Any CPU = Debug|Any CPU
		Release|Any CPU = Release|Any CPU
	EndGlobalSection
	GlobalSection(ProjectConfigurationPlatforms) = postSolution
		{65E07BC8-D8C8-4B0F-BDED-A31D4D175FA7}.Debug|Any CPU.ActiveCfg = Debug|Any CPU
		{65E07BC8-D8C8-4B0F-BDED-A31D4D175FA7}.Debug|Any CPU.Build.0 = Debug|Any CPU
		{65E07BC8-D8C8-4B0F-BDED-A31D4D175FA7}.Release|Any CPU.ActiveCfg = Release|Any CPU
		{65E07BC8-D8C8-4B0F-BDED-A31D4D175FA7}.Release|Any CPU.Build.0 = Release|Any CPU
	EndGlobalSection
	GlobalSection(SolutionProperties) = preSolution
		HideSolutionNode = FALSE
	EndGlobalSection
	GlobalSection(ExtensibilityGlobals) = postSolution
		SolutionGuid = {EF2FE317-8FA8-4937-AEA4-88CAF0FC7275}
	EndGlobalSection
EndGlobal
